
Microsoft Visual Studio Solution File, Format Version 12.00
# Visual Studio 15
VisualStudioVersion = 15.0.28307.1267
MinimumVisualStudioVersion = 10.0.40219.1
Project("{8BC9CEB8-8B4A-11D0-8D11-00A0C91BC942}") = "89", "89\89.vcxproj", "{D03C342A-E72B-44D2-BF8D-DD61E7C6BA54}"
EndProject
Global
	GlobalSection(SolutionConfigurationPlatforms) = preSolution
		Debug|x64 = Debug|x64
		Debug|x86 = Debug|x86
		Release|x64 = Release|x64
		Release|x86 = Release|x86
	EndGlobalSection
	GlobalSection(ProjectConfigurationPlatforms) = postSolution
		{D03C342A-E72B-44D2-BF8D-DD61E7C6BA54}.Debug|x64.ActiveCfg = Debug|x64
		{D03C342A-E72B-44D2-BF8D-DD61E7C6BA54}.Debug|x64.Build.0 = Debug|x64
		{D03C342A-E72B-44D2-BF8D-DD61E7C6BA54}.Debug|x86.ActiveCfg = Debug|Win32
		{D03C342A-E72B-44D2-BF8D-DD61E7C6BA54}.Debug|x86.Build.0 = Debug|Win32
		{D03C342A-E72B-44D2-BF8D-DD61E7C6BA54}.Release|x64.ActiveCfg = Release|x64
		{D03C342A-E72B-44D2-BF8D-DD61E7C6BA54}.Release|x64.Build.0 = Release|x64
		{D03C342A-E72B-44D2-BF8D-DD61E7C6BA54}.Release|x86.ActiveCfg = Release|Win32
		{D03C342A-E72B-44D2-BF8D-DD61E7C6BA54}.Release|x86.Build.0 = Release|Win32
	EndGlobalSection
	GlobalSection(SolutionProperties) = preSolution
		HideSolutionNode = FALSE
	EndGlobalSection
	GlobalSection(ExtensibilityGlobals) = postSolution
		SolutionGuid = {6927A48F-700D-4FAC-B1AF-CC935B07B21C}
	EndGlobalSection
EndGlobal
